
Microsoft Visual Studio Solution File, Format Version 12.00
# Visual Studio Version 17
VisualStudioVersion = 17.8.34309.116
MinimumVisualStudioVersion = 10.0.40219.1
Project("{FAE04EC0-301F-11D3-BF4B-00C04F79EFBC}") = "MediaTRDemo", "MediaTRDemo\MediaTRDemo.csproj", "{56AEC2FF-40BB-4EFF-9C2A-AAC06FDDAE2F}"
EndProject
Global
	GlobalSection(SolutionConfigurationPlatforms) = preSolution
		Debug|Any CPU = Debug|Any CPU
		Release|Any CPU = Release|Any CPU
	EndGlobalSection
	GlobalSection(ProjectConfigurationPlatforms) = postSolution
		{56AEC2FF-40BB-4EFF-9C2A-AAC06FDDAE2F}.Debug|Any CPU.ActiveCfg = Debug|Any CPU
		{56AEC2FF-40BB-4EFF-9C2A-AAC06FDDAE2F}.Debug|Any CPU.Build.0 = Debug|Any CPU
		{56AEC2FF-40BB-4EFF-9C2A-AAC06FDDAE2F}.Release|Any CPU.ActiveCfg = Release|Any CPU
		{56AEC2FF-40BB-4EFF-9C2A-AAC06FDDAE2F}.Release|Any CPU.Build.0 = Release|Any CPU
	EndGlobalSection
	GlobalSection(SolutionProperties) = preSolution
		HideSolutionNode = FALSE
	EndGlobalSection
	GlobalSection(ExtensibilityGlobals) = postSolution
		SolutionGuid = {BAB94BDF-241A-4B1E-B804-0A3069CFA1A2}
	EndGlobalSection
EndGlobal
